{
  "name": "rolldown-export-star-missing-await",
  "version": "1.0.0",
  "lockfileVersion": 3,
  "requires": true,
  "packages": {
    "": {
      "name": "rolldown-export-star-missing-await",
      "version": "1.0.0",
      "devDependencies": {
        "rolldown": "1.0.0-beta.35"
      }
    },
    "node_modules/@emnapi/core": {
      "version": "1.9.1",
      "resolved": "https://registry.npmjs.org/@emnapi/core/-/core-1.9.1.tgz",
      "integrity": "sha512-mukuNALVsoix/w1BJwFzwXBN/dHeejQtuVzcDsfOEsdpCumXb/E9j8w11h5S54tT1xhifGfbbSm/ICrObRb3KA==",
      "dev": true,
      "license": "MIT",
      "optional": true,
      "peer": true,
      "dependencies": {
        "@emnapi/wasi-threads": "1.2.0",
        "tslib": "^2.4.0"
      }
    },
    "node_modules/@emnapi/runtime": {
      "version": "1.9.1",
      "resolved": "https://registry.npmjs.org/@emnapi/runtime/-/runtime-1.9.1.tgz",
      "integrity": "sha512-VYi5+ZVLhpgK4hQ0TAjiQiZ6ol0oe4mBx7mVv7IflsiEp0OWoVsp/+f9Vc1hOhE0TtkORVrI1GvzyreqpgWtkA==",
      "dev": true,
      "license": "MIT",
      "optional": true,
      "peer": true,
      "dependencies": {
        "tslib": "^2.4.0"
      }
    },
    "node_modules/@emnapi/wasi-threads": {
      "version": "1.2.0",
      "resolved": "https://registry.npmjs.org/@emnapi/wasi-threads/-/wasi-threads-1.2.0.tgz",
      "integrity": "sha512-N10dEJNSsUx41Z6pZsXU8FjPjpBEplgH24sfkmITrBED1/U2Esum9F3lfLrMjKHHjmi557zQn7kR9R+XWXu5Rg==",
      "dev": true,
      "license": "MIT",
      "optional": true,
      "peer": true,
      "dependencies": {
        "tslib": "^2.4.0"
      }
    },
    "node_modules/@napi-rs/wasm-runtime": {
      "version": "1.1.2",
      "resolved": "https://registry.npmjs.org/@napi-rs/wasm-runtime/-/wasm-runtime-1.1.2.tgz",
      "integrity": "sha512-sNXv5oLJ7ob93xkZ1XnxisYhGYXfaG9f65/ZgYuAu3qt7b3NadcOEhLvx28hv31PgX8SZJRYrAIPQilQmFpLVw==",
      "dev": true,
      "license": "MIT",
      "optional": true,
      "dependencies": {
        "@tybys/wasm-util": "^0.10.1"
      },
      "funding": {
        "type": "github",
        "url": "https://github.com/sponsors/Brooooooklyn"
      },
      "peerDependencies": {
        "@emnapi/core": "^1.7.1",
        "@emnapi/runtime": "^1.7.1"
      }
    },
    "node_modules/@oxc-project/runtime": {
      "version": "0.82.3",
      "resolved": "https://registry.npmjs.org/@oxc-project/runtime/-/runtime-0.82.3.tgz",
      "integrity": "sha512-LNh5GlJvYHAnMurO+EyA8jJwN1rki7l3PSHuosDh2I7h00T6/u9rCkUjg/SvPmT1CZzvhuW0y+gf7jcqUy/Usg==",
      "dev": true,
      "license": "MIT",
      "engines": {
        "node": ">=6.9.0"
      }
    },
    "node_modules/@oxc-project/types": {
      "version": "0.82.3",
      "resolved": "https://registry.npmjs.org/@oxc-project/types/-/types-0.82.3.tgz",
      "integrity": "sha512-6nCUxBnGX0c6qfZW5MaF6/fmu5dHJDMiMPaioKHKs5mi5+8/FHQ7WGjgQIz1zxpmceMYfdIXkOaLYE+ejbuOtA==",
      "dev": true,
      "license": "MIT",
      "funding": {
        "url": "https://github.com/sponsors/Boshen"
      }
    },
    "node_modules/@rolldown/binding-android-arm64": {
      "version": "1.0.0-beta.35",
      "resolved": "https://registry.npmjs.org/@rolldown/binding-android-arm64/-/binding-android-arm64-1.0.0-beta.35.tgz",
      "integrity": "sha512-zVTg0544Ib1ldJSWwjy8URWYHlLFJ98rLnj+2FIj5fRs4KqGKP4VgH/pVUbXNGxeLFjItie6NSK1Un7nJixneQ==",
      "cpu": [
        "arm64"
      ],
      "dev": true,
      "license": "MIT",
      "optional": true,
      "os": [
        "android"
      ]
    },
    "node_modules/@rolldown/binding-darwin-arm64": {
      "version": "1.0.0-beta.35",
      "resolved": "https://registry.npmjs.org/@rolldown/binding-darwin-arm64/-/binding-darwin-arm64-1.0.0-beta.35.tgz",
      "integrity": "sha512-WPy0qx22CABTKDldEExfpYHWHulRoPo+m/YpyxP+6ODUPTQexWl8Wp12fn1CVP0xi0rOBj7ugs6+kKMAJW56wQ==",
      "cpu": [
        "arm64"
      ],
      "dev": true,
      "license": "MIT",
      "optional": true,
      "os": [
        "darwin"
      ]
    },
    "node_modules/@rolldown/binding-darwin-x64": {
      "version": "1.0.0-beta.35",
      "resolved": "https://registry.npmjs.org/@rolldown/binding-darwin-x64/-/binding-darwin-x64-1.0.0-beta.35.tgz",
      "integrity": "sha512-3k1TabJafF/GgNubXMkfp93d5p30SfIMOmQ5gm1tFwO+baMxxVPwDs3FDvSl+feCWwXxBA+bzemgkaDlInmp1Q==",
      "cpu": [
        "x64"
      ],
      "dev": true,
      "license": "MIT",
      "optional": true,
      "os": [
        "darwin"
      ]
    },
    "node_modules/@rolldown/binding-freebsd-x64": {
      "version": "1.0.0-beta.35",
      "resolved": "https://registry.npmjs.org/@rolldown/binding-freebsd-x64/-/binding-freebsd-x64-1.0.0-beta.35.tgz",
      "integrity": "sha512-GAiapN5YyIocnBVNEiOxMfWO9NqIeEKKWohj1sPLGc61P+9N1meXOOCiAPbLU+adXq0grtbYySid+Or7f2q+Mg==",
      "cpu": [
        "x64"
      ],
      "dev": true,
      "license": "MIT",
      "optional": true,
      "os": [
        "freebsd"
      ]
    },
    "node_modules/@rolldown/binding-linux-arm-gnueabihf": {
      "version": "1.0.0-beta.35",
      "resolved": "https://registry.npmjs.org/@rolldown/binding-linux-arm-gnueabihf/-/binding-linux-arm-gnueabihf-1.0.0-beta.35.tgz",
      "integrity": "sha512-okPKKIE73qkUMvq7dxDyzD0VIysdV4AirHqjf8tGTjuNoddUAl3WAtMYbuZCEKJwUyI67UINKO1peFVlYEb+8w==",
      "cpu": [
        "arm"
      ],
      "dev": true,
      "license": "MIT",
      "optional": true,
      "os": [
        "linux"
      ]
    },
    "node_modules/@rolldown/binding-linux-arm64-gnu": {
      "version": "1.0.0-beta.35",
      "resolved": "https://registry.npmjs.org/@rolldown/binding-linux-arm64-gnu/-/binding-linux-arm64-gnu-1.0.0-beta.35.tgz",
      "integrity": "sha512-Nky8Q2cxyKVkEETntrvcmlzNir5khQbDfX3PflHPbZY7XVZalllRqw7+MW5vn+jTsk5BfKVeLsvrF4344IU55g==",
      "cpu": [
        "arm64"
      ],
      "dev": true,
      "license": "MIT",
      "optional": true,
      "os": [
        "linux"
      ]
    },
    "node_modules/@rolldown/binding-linux-arm64-musl": {
      "version": "1.0.0-beta.35",
      "resolved": "https://registry.npmjs.org/@rolldown/binding-linux-arm64-musl/-/binding-linux-arm64-musl-1.0.0-beta.35.tgz",
      "integrity": "sha512-8aHpWVSfZl3Dy2VNFG9ywmlCPAJx45g0z+qdOeqmYceY7PBAT4QGzii9ig1hPb1pY8K45TXH44UzQwr2fx352Q==",
      "cpu": [
        "arm64"
      ],
      "dev": true,
      "license": "MIT",
      "optional": true,
      "os": [
        "linux"
      ]
    },
    "node_modules/@rolldown/binding-linux-x64-gnu": {
      "version": "1.0.0-beta.35",
      "resolved": "https://registry.npmjs.org/@rolldown/binding-linux-x64-gnu/-/binding-linux-x64-gnu-1.0.0-beta.35.tgz",
      "integrity": "sha512-1r1Ac/vTcm1q4kRiX/NB6qtorF95PhjdCxKH3Z5pb+bWMDZnmcz18fzFlT/3C6Qpj/ZqUF+EUrG4QEDXtVXGgg==",
      "cpu": [
        "x64"
      ],
      "dev": true,
      "license": "MIT",
      "optional": true,
      "os": [
        "linux"
      ]
    },
    "node_modules/@rolldown/binding-linux-x64-musl": {
      "version": "1.0.0-beta.35",
      "resolved": "https://registry.npmjs.org/@rolldown/binding-linux-x64-musl/-/binding-linux-x64-musl-1.0.0-beta.35.tgz",
      "integrity": "sha512-AFl1LnuhUBDfX2j+cE6DlVGROv4qG7GCPDhR1kJqi2+OuXGDkeEjqRvRQOFErhKz1ckkP/YakvN7JheLJ2PKHQ==",
      "cpu": [
        "x64"
      ],
      "dev": true,
      "license": "MIT",
      "optional": true,
      "os": [
        "linux"
      ]
    },
    "node_modules/@rolldown/binding-openharmony-arm64": {
      "version": "1.0.0-beta.35",
      "resolved": "https://registry.npmjs.org/@rolldown/binding-openharmony-arm64/-/binding-openharmony-arm64-1.0.0-beta.35.tgz",
      "integrity": "sha512-Tuwb8vPs+TVJlHhyLik+nwln/burvIgaPDgg6wjNZ23F1ttjZi0w0rQSZfAgsX4jaUbylwCETXQmTp3w6vcJMw==",
      "cpu": [
        "arm64"
      ],
      "dev": true,
      "license": "MIT",
      "optional": true,
      "os": [
        "openharmony"
      ]
    },
    "node_modules/@rolldown/binding-wasm32-wasi": {
      "version": "1.0.0-beta.35",
      "resolved": "https://registry.npmjs.org/@rolldown/binding-wasm32-wasi/-/binding-wasm32-wasi-1.0.0-beta.35.tgz",
      "integrity": "sha512-rG0OozgqNUYcpu50MpICMlJflexRVtQfjlN9QYf6hoel46VvY0FbKGwBKoeUp2K5D4i8lV04DpEMfTZlzRjeiA==",
      "cpu": [
        "wasm32"
      ],
      "dev": true,
      "license": "MIT",
      "optional": true,
      "dependencies": {
        "@napi-rs/wasm-runtime": "^1.0.3"
      },
      "engines": {
        "node": ">=14.0.0"
      }
    },
    "node_modules/@rolldown/binding-win32-arm64-msvc": {
      "version": "1.0.0-beta.35",
      "resolved": "https://registry.npmjs.org/@rolldown/binding-win32-arm64-msvc/-/binding-win32-arm64-msvc-1.0.0-beta.35.tgz",
      "integrity": "sha512-WeOfAZrycFo9+ZqTDp3YDCAOLolymtKGwImrr9n+OW0lpwI2UKyKXbAwGXRhydAYbfrNmuqWyfyoAnLh3X9Hjg==",
      "cpu": [
        "arm64"
      ],
      "dev": true,
      "license": "MIT",
      "optional": true,
      "os": [
        "win32"
      ]
    },
    "node_modules/@rolldown/binding-win32-ia32-msvc": {
      "version": "1.0.0-beta.35",
      "resolved": "https://registry.npmjs.org/@rolldown/binding-win32-ia32-msvc/-/binding-win32-ia32-msvc-1.0.0-beta.35.tgz",
      "integrity": "sha512-XkLT7ikKGiUDvLh7qtJHRukbyyP1BIrD1xb7A+w4PjIiOKeOH8NqZ+PBaO4plT7JJnLxx+j9g/3B7iylR1nTFQ==",
      "cpu": [
        "ia32"
      ],
      "dev": true,
      "license": "MIT",
      "optional": true,
      "os": [
        "win32"
      ]
    },
    "node_modules/@rolldown/binding-win32-x64-msvc": {
      "version": "1.0.0-beta.35",
      "resolved": "https://registry.npmjs.org/@rolldown/binding-win32-x64-msvc/-/binding-win32-x64-msvc-1.0.0-beta.35.tgz",
      "integrity": "sha512-rftASFKVzjbcQHTCYHaBIDrnQFzbeV50tm4hVugG3tPjd435RHZC2pbeGV5IPdKEqyJSuurM/GfbV3kLQ3LY/A==",
      "cpu": [
        "x64"
      ],
      "dev": true,
      "license": "MIT",
      "optional": true,
      "os": [
        "win32"
      ]
    },
    "node_modules/@rolldown/pluginutils": {
      "version": "1.0.0-beta.35",
      "resolved": "https://registry.npmjs.org/@rolldown/pluginutils/-/pluginutils-1.0.0-beta.35.tgz",
      "integrity": "sha512-slYrCpoxJUqzFDDNlvrOYRazQUNRvWPjXA17dAOISY3rDMxX6k8K4cj2H+hEYMHF81HO3uNd5rHVigAWRM5dSg==",
      "dev": true,
      "license": "MIT"
    },
    "node_modules/@tybys/wasm-util": {
      "version": "0.10.1",
      "resolved": "https://registry.npmjs.org/@tybys/wasm-util/-/wasm-util-0.10.1.tgz",
      "integrity": "sha512-9tTaPJLSiejZKx+Bmog4uSubteqTvFrVrURwkmHixBo0G4seD0zUxp98E1DzUBJxLQ3NPwXrGKDiVjwx/DpPsg==",
      "dev": true,
      "license": "MIT",
      "optional": true,
      "dependencies": {
        "tslib": "^2.4.0"
      }
    },
    "node_modules/ansis": {
      "version": "4.2.0",
      "resolved": "https://registry.npmjs.org/ansis/-/ansis-4.2.0.tgz",
      "integrity": "sha512-HqZ5rWlFjGiV0tDm3UxxgNRqsOTniqoKZu0pIAfh7TZQMGuZK+hH0drySty0si0QXj1ieop4+SkSfPZBPPkHig==",
      "dev": true,
      "license": "ISC",
      "engines": {
        "node": ">=14"
      }
    },
    "node_modules/rolldown": {
      "version": "1.0.0-beta.35",
      "resolved": "https://registry.npmjs.org/rolldown/-/rolldown-1.0.0-beta.35.tgz",
      "integrity": "sha512-gJATyqcsJe0Cs8RMFO8XgFjfTc0lK1jcSvirDQDSIfsJE+vt53QH/Ob+OBSJsXb98YtZXHfP/bHpELpPwCprow==",
      "dev": true,
      "license": "MIT",
      "dependencies": {
        "@oxc-project/runtime": "=0.82.3",
        "@oxc-project/types": "=0.82.3",
        "@rolldown/pluginutils": "1.0.0-beta.35",
        "ansis": "^4.0.0"
      },
      "bin": {
        "rolldown": "bin/cli.mjs"
      },
      "optionalDependencies": {
        "@rolldown/binding-android-arm64": "1.0.0-beta.35",
        "@rolldown/binding-darwin-arm64": "1.0.0-beta.35",
        "@rolldown/binding-darwin-x64": "1.0.0-beta.35",
        "@rolldown/binding-freebsd-x64": "1.0.0-beta.35",
        "@rolldown/binding-linux-arm-gnueabihf": "1.0.0-beta.35",
        "@rolldown/binding-linux-arm64-gnu": "1.0.0-beta.35",
        "@rolldown/binding-linux-arm64-musl": "1.0.0-beta.35",
        "@rolldown/binding-linux-x64-gnu": "1.0.0-beta.35",
        "@rolldown/binding-linux-x64-musl": "1.0.0-beta.35",
        "@rolldown/binding-openharmony-arm64": "1.0.0-beta.35",
        "@rolldown/binding-wasm32-wasi": "1.0.0-beta.35",
        "@rolldown/binding-win32-arm64-msvc": "1.0.0-beta.35",
        "@rolldown/binding-win32-ia32-msvc": "1.0.0-beta.35",
        "@rolldown/binding-win32-x64-msvc": "1.0.0-beta.35"
      }
    },
    "node_modules/tslib": {
      "version": "2.8.1",
      "resolved": "https://registry.npmjs.org/tslib/-/tslib-2.8.1.tgz",
      "integrity": "sha512-oJFu94HQb+KVduSUQL7wnpmqnfmLsOA/nAh6b6EH0wCEoK0/mPeXU6c3wKDV83MkOuHPRHtSXKKU99IBazS/2w==",
      "dev": true,
      "license": "0BSD",
      "optional": true
    }
  }
}
